Microsoft Visual Studio Solution File, Format Version 12.00
# Visual Studio 14
VisualStudioVersion = 14.0.25420.1
MinimumVisualStudioVersion = 10.0.40219.1
Project("{2150E333-8FDC-42A3-9474-1A3956D46DE8}") = "src", "src", "{D37DA60E-9C98-4354-B146-842365884CD3}"
EndProject
Project("{2150E333-8FDC-42A3-9474-1A3956D46DE8}") = "Solution Items", "Solution Items", "{051D806A-86CD-41DF-B464-3AC2DBF98CA5}"
	ProjectSection(SolutionItems) = preProject
		global.json = global.json
	EndProjectSection
EndProject
Project("{8BB2217D-0F2D-49D1-97BC-3654ED321F3B}") = "ArchitectNow.DevUp16.WebDevPrecompiler", "src\ArchitectNow.DevUp16.WebDevPrecompiler\ArchitectNow.DevUp16.WebDevPrecompiler.xproj", "{B63102EE-5A0A-433D-8655-1FA7F83DEB98}"
EndProject
Project("{FAE04EC0-301F-11D3-BF4B-00C04F79EFBC}") = "ArchitectNow.DevUp16.WebDevPrecompiler.Data", "src\ArchitectNow.DevUp16.WebDevPrecompiler.Data\ArchitectNow.DevUp16.WebDevPrecompiler.Data.csproj", "{BA48B411-C678-4A20-94F8-A75A70810B73}"
EndProject
Project("{2150E333-8FDC-42A3-9474-1A3956D46DE8}") = "tests", "tests", "{8BF1C940-ABF9-44E7-983B-9A48998BDD27}"
EndProject
Project("{FAE04EC0-301F-11D3-BF4B-00C04F79EFBC}") = "ArchitectNow.DevUp16.WebDevPrecompiler.Data.Tests", "src\ArchitectNow.DevUp16.WebDevPrecompiler.Data.Tests\ArchitectNow.DevUp16.WebDevPrecompiler.Data.Tests.csproj", "{4B9C1AA5-D222-4C3E-8F8C-78B5D0D95DCE}"
EndProject
Project("{8BB2217D-0F2D-49D1-97BC-3654ED321F3B}") = "ArchitectNow.DevUp16.WebDevPrecompiler.Web.Tests", "src\ArchitectNow.DevUp16.WebDevPrecompiler.Web.Tests\ArchitectNow.DevUp16.WebDevPrecompiler.Web.Tests.xproj", "{605DBC90-0412-4A9B-A8EF-0C279B37CED7}"
EndProject
Global
	GlobalSection(SolutionConfigurationPlatforms) = preSolution
		Debug|Any CPU = Debug|Any CPU
		Release|Any CPU = Release|Any CPU
	EndGlobalSection
	GlobalSection(ProjectConfigurationPlatforms) = postSolution
		{B63102EE-5A0A-433D-8655-1FA7F83DEB98}.Debug|Any CPU.ActiveCfg = Debug|Any CPU
		{B63102EE-5A0A-433D-8655-1FA7F83DEB98}.Debug|Any CPU.Build.0 = Debug|Any CPU
		{B63102EE-5A0A-433D-8655-1FA7F83DEB98}.Release|Any CPU.ActiveCfg = Release|Any CPU
		{B63102EE-5A0A-433D-8655-1FA7F83DEB98}.Release|Any CPU.Build.0 = Release|Any CPU
		{BA48B411-C678-4A20-94F8-A75A70810B73}.Debug|Any CPU.ActiveCfg = Debug|Any CPU
		{BA48B411-C678-4A20-94F8-A75A70810B73}.Debug|Any CPU.Build.0 = Debug|Any CPU
		{BA48B411-C678-4A20-94F8-A75A70810B73}.Release|Any CPU.ActiveCfg = Release|Any CPU
		{BA48B411-C678-4A20-94F8-A75A70810B73}.Release|Any CPU.Build.0 = Release|Any CPU
		{4B9C1AA5-D222-4C3E-8F8C-78B5D0D95DCE}.Debug|Any CPU.ActiveCfg = Debug|Any CPU
		{4B9C1AA5-D222-4C3E-8F8C-78B5D0D95DCE}.Debug|Any CPU.Build.0 = Debug|Any CPU
		{4B9C1AA5-D222-4C3E-8F8C-78B5D0D95DCE}.Release|Any CPU.ActiveCfg = Release|Any CPU
		{4B9C1AA5-D222-4C3E-8F8C-78B5D0D95DCE}.Release|Any CPU.Build.0 = Release|Any CPU
		{605DBC90-0412-4A9B-A8EF-0C279B37CED7}.Debug|Any CPU.ActiveCfg = Debug|Any CPU
		{605DBC90-0412-4A9B-A8EF-0C279B37CED7}.Debug|Any CPU.Build.0 = Debug|Any CPU
		{605DBC90-0412-4A9B-A8EF-0C279B37CED7}.Release|Any CPU.ActiveCfg = Release|Any CPU
		{605DBC90-0412-4A9B-A8EF-0C279B37CED7}.Release|Any CPU.Build.0 = Release|Any CPU
	EndGlobalSection
	GlobalSection(SolutionProperties) = preSolution
		HideSolutionNode = FALSE
	EndGlobalSection
	GlobalSection(NestedProjects) = preSolution
		{B63102EE-5A0A-433D-8655-1FA7F83DEB98} = {D37DA60E-9C98-4354-B146-842365884CD3}
		{BA48B411-C678-4A20-94F8-A75A70810B73} = {D37DA60E-9C98-4354-B146-842365884CD3}
		{4B9C1AA5-D222-4C3E-8F8C-78B5D0D95DCE} = {8BF1C940-ABF9-44E7-983B-9A48998BDD27}
		{605DBC90-0412-4A9B-A8EF-0C279B37CED7} = {8BF1C940-ABF9-44E7-983B-9A48998BDD27}
	EndGlobalSection
EndGlobal
